// !$*UTF8*$!
{
	archiveVersion = 1;
	classes = {
	};
	objectVersion = 51;
	objects = {

/* Begin PBXBuildFile section */
		27BFE8A13957A291446026A1 /* Pods_TunnelManagementApp.framework in Frameworks */ = {isa = PBXBuildFile; fileRef = 0F0F821B140E042D6DDA2BC3 /* Pods_TunnelManagementApp.framework */; };
		46064E382976071D00DB382F /* KirihaDataTabularClassifier_2301.mlmodel in Sources */ = {isa = PBXBuildFile; fileRef = 46064E372976071C00DB382F /* KirihaDataTabularClassifier_2301.mlmodel */; };
		46064E3C2976077800DB382F /* KirihaDataTabularClassifier_2203.mlmodel in Sources */ = {isa = PBXBuildFile; fileRef = 46064E3B2976077800DB382F /* KirihaDataTabularClassifier_2203.mlmodel */; };
		461FE21927A9E7F40085F7F6 /* rockTypeObjectDetector22.01.28.mlmodel in Sources */ = {isa = PBXBuildFile; fileRef = 461FE21827A9E7F40085F7F6 /* rockTypeObjectDetector22.01.28.mlmodel */; };
		461FE21B27A9E8D60085F7F6 /* RcokTypeVisionObjectRecognitionViewController.swift in Sources */ = {isa = PBXBuildFile; fileRef = 461FE21A27A9E8D60085F7F6 /* RcokTypeVisionObjectRecognitionViewController.swift */; };
		461FE21D27A9E8DF0085F7F6 /* RockTypeViewController.swift in Sources */ = {isa = PBXBuildFile; fileRef = 461FE21C27A9E8DF0085F7F6 /* RockTypeViewController.swift */; };
		4637568B27334749008FFB28 /* KirihaSpec2ViewController.swift in Sources */ = {isa = PBXBuildFile; fileRef = 4637568A27334749008FFB28 /* KirihaSpec2ViewController.swift */; };
		4637568D273358A7008FFB28 /* WaterRecordViewController.swift in Sources */ = {isa = PBXBuildFile; fileRef = 4637568C273358A7008FFB28 /* WaterRecordViewController.swift */; };
		4637568F2733C29A008FFB28 /* TunnelCreate2ViewController.swift in Sources */ = {isa = PBXBuildFile; fileRef = 4637568E2733C29A008FFB28 /* TunnelCreate2ViewController.swift */; };
		4656C47027350E3D0088A83B /* tunnelImage.jpeg in Resources */ = {isa = PBXBuildFile; fileRef = 4656C46F27350E3C0088A83B /* tunnelImage.jpeg */; };
		4659838E270B26E700898FDF /* AppDelegate.swift in Sources */ = {isa = PBXBuildFile; fileRef = 4659838D270B26E700898FDF /* AppDelegate.swift */; };
		46598390270B26E700898FDF /* SceneDelegate.swift in Sources */ = {isa = PBXBuildFile; fileRef = 4659838F270B26E700898FDF /* SceneDelegate.swift */; };
		46598392270B26E700898FDF /* ViewController.swift in Sources */ = {isa = PBXBuildFile; fileRef = 46598391270B26E700898FDF /* ViewController.swift */; };
		46598395270B26E700898FDF /* Main.storyboard in Resources */ = {isa = PBXBuildFile; fileRef = 46598393270B26E700898FDF /* Main.storyboard */; };
		46598397270B26E800898FDF /* Assets.xcassets in Resources */ = {isa = PBXBuildFile; fileRef = 46598396270B26E800898FDF /* Assets.xcassets */; };
		4659839A270B26E800898FDF /* LaunchScreen.storyboard in Resources */ = {isa = PBXBuildFile; fileRef = 46598398270B26E800898FDF /* LaunchScreen.storyboard */; };
		465983A2270B28A900898FDF /* LoginViewController.swift in Sources */ = {isa = PBXBuildFile; fileRef = 465983A1270B28A900898FDF /* LoginViewController.swift */; };
		465983A6270B293700898FDF /* SettingViewController.swift in Sources */ = {isa = PBXBuildFile; fileRef = 465983A5270B293700898FDF /* SettingViewController.swift */; };
		465983A8270B3B8D00898FDF /* PhotoViewController.swift in Sources */ = {isa = PBXBuildFile; fileRef = 465983A7270B3B8D00898FDF /* PhotoViewController.swift */; };
		465983AA270B441C00898FDF /* kirihaRecord.swift in Sources */ = {isa = PBXBuildFile; fileRef = 465983A9270B441C00898FDF /* kirihaRecord.swift */; };
		4661ACE527F6DA3C00F6AA95 /* RockTypeCautionViewController.swift in Sources */ = {isa = PBXBuildFile; fileRef = 4661ACE427F6DA3C00F6AA95 /* RockTypeCautionViewController.swift */; };
		4661ACE727F7008800F6AA95 /* OtherRecordViewController.swift in Sources */ = {isa = PBXBuildFile; fileRef = 4661ACE627F7008800F6AA95 /* OtherRecordViewController.swift */; };
		4662742928F8B64D00D98D65 /* RockNameSetting2ViewController.swift in Sources */ = {isa = PBXBuildFile; fileRef = 4662742828F8B64D00D98D65 /* RockNameSetting2ViewController.swift */; };
		4662742B28F8DD6400D98D65 /* RockNameEditViewController.swift in Sources */ = {isa = PBXBuildFile; fileRef = 4662742A28F8DD6400D98D65 /* RockNameEditViewController.swift */; };
		466308CA2718F67600214303 /* TunnelData.swift in Sources */ = {isa = PBXBuildFile; fileRef = 466308C92718F67600214303 /* TunnelData.swift */; };
		466308CC2718FAAB00214303 /* FirestorePathList.swift in Sources */ = {isa = PBXBuildFile; fileRef = 466308CB2718FAAB00214303 /* FirestorePathList.swift */; };
		466308CE27196AFF00214303 /* TunnelSettingViewController.swift in Sources */ = {isa = PBXBuildFile; fileRef = 466308CD27196AFF00214303 /* TunnelSettingViewController.swift */; };
		466308D0271A159000214303 /* KirihaListViewController.swift in Sources */ = {isa = PBXBuildFile; fileRef = 466308CF271A159000214303 /* KirihaListViewController.swift */; };
		466308D2271A5A3500214303 /* GlobalSettingViewController.swift in Sources */ = {isa = PBXBuildFile; fileRef = 466308D1271A5A3500214303 /* GlobalSettingViewController.swift */; };
		466308D4271A5D6800214303 /* ItemNameChangeViewController.swift in Sources */ = {isa = PBXBuildFile; fileRef = 466308D3271A5D6800214303 /* ItemNameChangeViewController.swift */; };
		466308D6271A5D7E00214303 /* ObsNameChangeViewController.swift in Sources */ = {isa = PBXBuildFile; fileRef = 466308D5271A5D7E00214303 /* ObsNameChangeViewController.swift */; };
		466308D8271A9FAD00214303 /* KirihaRecordData.swift in Sources */ = {isa = PBXBuildFile; fileRef = 466308D7271A9FAD00214303 /* KirihaRecordData.swift */; };
		466308DC271ABFD300214303 /* RockNameSettingViewController.swift in Sources */ = {isa = PBXBuildFile; fileRef = 466308DB271ABFD300214303 /* RockNameSettingViewController.swift */; };
		466330AC271E1FB80087FE24 /* TunnelCreateViewController.swift in Sources */ = {isa = PBXBuildFile; fileRef = 466330AB271E1FB80087FE24 /* TunnelCreateViewController.swift */; };
		466330AE271E416E0087FE24 /* TunnelDataDS.swift in Sources */ = {isa = PBXBuildFile; fileRef = 466330AD271E416E0087FE24 /* TunnelDataDS.swift */; };
		466C15F828CD085D0045FBDB /* rockTypeObjectDetector22.09.05.mlmodel in Sources */ = {isa = PBXBuildFile; fileRef = 466C15F728CD085C0045FBDB /* rockTypeObjectDetector22.09.05.mlmodel */; };
		466D150A27FA4A3D000A1329 /* cautionJiyama.png in Resources */ = {isa = PBXBuildFile; fileRef = 466D150927FA4A3D000A1329 /* cautionJiyama.png */; };
		466F0716279992BE006367E9 /* TouchOnScrollView.swift in Sources */ = {isa = PBXBuildFile; fileRef = 466F0715279992BD006367E9 /* TouchOnScrollView.swift */; };
		467CF116271FEBD600324527 /* AnalysisViewController.swift in Sources */ = {isa = PBXBuildFile; fileRef = 467CF115271FEBD600324527 /* AnalysisViewController.swift */; };
		4680C61328F97E3C002BBB08 /* RockListTableViewCell.swift in Sources */ = {isa = PBXBuildFile; fileRef = 4680C61128F97E3C002BBB08 /* RockListTableViewCell.swift */; };
		4680C61428F97E3C002BBB08 /* RockListTableViewCell.xib in Resources */ = {isa = PBXBuildFile; fileRef = 4680C61228F97E3C002BBB08 /* RockListTableViewCell.xib */; };
		4680C61628F9848C002BBB08 /* RockListViewController.swift in Sources */ = {isa = PBXBuildFile; fileRef = 4680C61528F9848C002BBB08 /* RockListViewController.swift */; };
		46838F8227FB1402009AFE9D /* rockTypeInstructions2.png in Resources */ = {isa = PBXBuildFile; fileRef = 46838F8127FB1402009AFE9D /* rockTypeInstructions2.png */; };
		46883F1E27FB8A8900541C0D /* cautionJiyama3.png in Resources */ = {isa = PBXBuildFile; fileRef = 46883F1D27FB8A8900541C0D /* cautionJiyama3.png */; };
		46883F2027FB8A9000541C0D /* rockTypeInstructions3.png in Resources */ = {isa = PBXBuildFile; fileRef = 46883F1F27FB8A9000541C0D /* rockTypeInstructions3.png */; };
		46AB521C270DC09900D489DE /* KirihaRecordViewController.swift in Sources */ = {isa = PBXBuildFile; fileRef = 46AB521B270DC09900D489DE /* KirihaRecordViewController.swift */; };
		46AB521F270E85FC00D489DE /* RemarksTableViewCell.swift in Sources */ = {isa = PBXBuildFile; fileRef = 46AB521D270E85FC00D489DE /* RemarksTableViewCell.swift */; };
		46AB5220270E85FC00D489DE /* RemarksTableViewCell.xib in Resources */ = {isa = PBXBuildFile; fileRef = 46AB521E270E85FC00D489DE /* RemarksTableViewCell.xib */; };
		46AB5222270E8D1900D489DE /* RemarksData.swift in Sources */ = {isa = PBXBuildFile; fileRef = 46AB5221270E8D1900D489DE /* RemarksData.swift */; };
		46AB5224270EC37B00D489DE /* RemarksViewController.swift in Sources */ = {isa = PBXBuildFile; fileRef = 46AB5223270EC37B00D489DE /* RemarksViewController.swift */; };
		46B6EB2628F5300A00C2809C /* KirihaSpec1ViewController.swift in Sources */ = {isa = PBXBuildFile; fileRef = 46B6EB2528F5300A00C2809C /* KirihaSpec1ViewController.swift */; };
		46C0DE3D271B826F00E1E106 /* KirihaSpecViewController.swift in Sources */ = {isa = PBXBuildFile; fileRef = 46C0DE3C271B826F00E1E106 /* KirihaSpecViewController.swift */; };
		46C0DE3F271BBA9800E1E106 /* DoneTextField.swift in Sources */ = {isa = PBXBuildFile; fileRef = 46C0DE3E271BBA9800E1E106 /* DoneTextField.swift */; };
		46C0DE41271BBCAB00E1E106 /* rockTypeInstructions.png in Resources */ = {isa = PBXBuildFile; fileRef = 46C0DE40271BBCAA00E1E106 /* rockTypeInstructions.png */; };
		46C0DE43271BC04C00E1E106 /* RockTypeInstructionsViewController.swift in Sources */ = {isa = PBXBuildFile; fileRef = 46C0DE42271BC04C00E1E106 /* RockTypeInstructionsViewController.swift */; };
		46C0DE45271C67A900E1E106 /* KirihaRecordChangeViewController.swift in Sources */ = {isa = PBXBuildFile; fileRef = 46C0DE44271C67A900E1E106 /* KirihaRecordChangeViewController.swift */; };
		46C0DE49271C97E400E1E106 /* KirihaRecordDataDS.swift in Sources */ = {isa = PBXBuildFile; fileRef = 46C0DE48271C97E400E1E106 /* KirihaRecordDataDS.swift */; };
		46C2803228DF5E0F0001C9C6 /* KirihaPostTableViewCell.swift in Sources */ = {isa = PBXBuildFile; fileRef = 46C2803028DF5E0F0001C9C6 /* KirihaPostTableViewCell.swift */; };
		46C2803328DF5E0F0001C9C6 /* KirihaPostTableViewCell.xib in Resources */ = {isa = PBXBuildFile; fileRef = 46C2803128DF5E0F0001C9C6 /* KirihaPostTableViewCell.xib */; };
		46C2803528DF6E610001C9C6 /* KirihaList2ViewController.swift in Sources */ = {isa = PBXBuildFile; fileRef = 46C2803428DF6E610001C9C6 /* KirihaList2ViewController.swift */; };
		46DDF3A2271F98E8008B4359 /* GeoAgeSettingViewController.swift in Sources */ = {isa = PBXBuildFile; fileRef = 46DDF3A1271F98E8008B4359 /* GeoAgeSettingViewController.swift */; };
		46E3FD4B2794E0140045CA26 /* KirihaDataTabularClassifier_1123_33.mlmodel in Sources */ = {isa = PBXBuildFile; fileRef = 46E3FD4A2794E0140045CA26 /* KirihaDataTabularClassifier_1123_33.mlmodel */; };
		46EC69952726097800B081FC /* MyTabularClassifier_kiriha.mlmodel in Sources */ = {isa = PBXBuildFile; fileRef = 46EC69942726097800B081FC /* MyTabularClassifier_kiriha.mlmodel */; };
		46EC69972726814C00B081FC /* Analysis2ViewController.swift in Sources */ = {isa = PBXBuildFile; fileRef = 46EC69962726814C00B081FC /* Analysis2ViewController.swift */; };
		46EC699927268CAD00B081FC /* MyTabularClassifierKiriha.mlmodel in Sources */ = {isa = PBXBuildFile; fileRef = 46EC699827268CAD00B081FC /* MyTabularClassifierKiriha.mlmodel */; };
		46EFB8DB270FCDEC0047BF61 /* GoogleService-Info.plist in Resources */ = {isa = PBXBuildFile; fileRef = 46EFB8DA270FCDEC0047BF61 /* GoogleService-Info.plist */; };
		46EFB8DD270FD0E70047BF61 /* TabBarController.swift in Sources */ = {isa = PBXBuildFile; fileRef = 46EFB8DC270FD0E70047BF61 /* TabBarController.swift */; };
		46EFB8DF271050E00047BF61 /* TunnelListViewController.swift in Sources */ = {isa = PBXBuildFile; fileRef = 46EFB8DE271050E00047BF61 /* TunnelListViewController.swift */; };
		46EFB8E32710DC260047BF61 /* ImageSelectViewController.swift in Sources */ = {isa = PBXBuildFile; fileRef = 46EFB8E22710DC260047BF61 /* ImageSelectViewController.swift */; };
		46EFB8E9271112640047BF61 /* PostRockViewController.swift in Sources */ = {isa = PBXBuildFile; fileRef = 46EFB8E8271112640047BF61 /* PostRockViewController.swift */; };
/* End PBXBuildFile section */

/* Begin PBXFileReference section */
		0F0F821B140E042D6DDA2BC3 /* Pods_TunnelManagementApp.framework */ = {isa = PBXFileReference; explicitFileType = wrapper.framework; includeInIndex = 0; path = Pods_TunnelManagementApp.framework; sourceTree = BUILT_PRODUCTS_DIR; };
		0F118CDFCFED6439D2791225 /* Pods-TunnelManagementApp.release.xcconfig */ = {isa = PBXFileReference; includeInIndex = 1; lastKnownFileType = text.xcconfig; name = "Pods-TunnelManagementApp.release.xcconfig"; path = "Target Support Files/Pods-TunnelManagementApp/Pods-TunnelManagementApp.release.xcconfig"; sourceTree = "<group>"; };
		46064E372976071C00DB382F /* KirihaDataTabularClassifier_2301.mlmodel */ = {isa = PBXFileReference; lastKnownFileType = file.mlmodel; path = KirihaDataTabularClassifier_2301.mlmodel; sourceTree = "<group>"; };
		46064E3B2976077800DB382F /* KirihaDataTabularClassifier_2203.mlmodel */ = {isa = PBXFileReference; lastKnownFileType = file.mlmodel; path = KirihaDataTabularClassifier_2203.mlmodel; sourceTree = "<group>"; };
		461FE21827A9E7F40085F7F6 /* rockTypeObjectDetector22.01.28.mlmodel */ = {isa = PBXFileReference; lastKnownFileType = file.mlmodel; path = rockTypeObjectDetector22.01.28.mlmodel; sourceTree = "<group>"; };
		461FE21A27A9E8D60085F7F6 /* RcokTypeVisionObjectRecognitionViewController.swift */ = {isa = PBXFileReference; fileEncoding = 4; lastKnownFileType = sourcecode.swift; path = RcokTypeVisionObjectRecognitionViewController.swift; sourceTree = "<group>"; };
		461FE21C27A9E8DF0085F7F6 /* RockTypeViewController.swift */ = {isa = PBXFileReference; fileEncoding = 4; lastKnownFileType = sourcecode.swift; path = RockTypeViewController.swift; sourceTree = "<group>"; };
		4637568A27334749008FFB28 /* KirihaSpec2ViewController.swift */ = {isa = PBXFileReference; lastKnownFileType = sourcecode.swift; path = KirihaSpec2ViewController.swift; sourceTree = "<group>"; };
		4637568C273358A7008FFB28 /* WaterRecordViewController.swift */ = {isa = PBXFileReference; lastKnownFileType = sourcecode.swift; path = WaterRecordViewController.swift; sourceTree = "<group>"; };
		4637568E2733C29A008FFB28 /* TunnelCreate2ViewController.swift */ = {isa = PBXFileReference; lastKnownFileType = sourcecode.swift; path = TunnelCreate2ViewController.swift; sourceTree = "<group>"; };
		4656C46F27350E3C0088A83B /* tunnelImage.jpeg */ = {isa = PBXFileReference; lastKnownFileType = image.jpeg; path = tunnelImage.jpeg; sourceTree = "<group>"; };
		4659838A270B26E700898FDF /* TunnelManagementApp.app */ = {isa = PBXFileReference; explicitFileType = wrapper.application; includeInIndex = 0; path = TunnelManagementApp.app; sourceTree = BUILT_PRODUCTS_DIR; };
		4659838D270B26E700898FDF /* AppDelegate.swift */ = {isa = PBXFileReference; lastKnownFileType = sourcecode.swift; path = AppDelegate.swift; sourceTree = "<group>"; };
		4659838F270B26E700898FDF /* SceneDelegate.swift */ = {isa = PBXFileReference; lastKnownFileType = sourcecode.swift; path = SceneDelegate.swift; sourceTree = "<group>"; };
		46598391270B26E700898FDF /* ViewController.swift */ = {isa = PBXFileReference; lastKnownFileType = sourcecode.swift; path = ViewController.swift; sourceTree = "<group>"; };
		46598394270B26E700898FDF /* Base */ = {isa = PBXFileReference; lastKnownFileType = file.storyboard; name = Base; path = Base.lproj/Main.storyboard; sourceTree = "<group>"; };
		46598396270B26E800898FDF /* Assets.xcassets */ = {isa = PBXFileReference; lastKnownFileType = folder.assetcatalog; path = Assets.xcassets; sourceTree = "<group>"; };
		46598399270B26E800898FDF /* Base */ = {isa = PBXFileReference; lastKnownFileType = file.storyboard; name = Base; path = Base.lproj/LaunchScreen.storyboard; sourceTree = "<group>"; };
		4659839B270B26E800898FDF /* Info.plist */ = {isa = PBXFileReference; lastKnownFileType = text.plist.xml; path = Info.plist; sourceTree = "<group>"; };
		465983A1270B28A900898FDF /* LoginViewController.swift */ = {isa = PBXFileReference; lastKnownFileType = sourcecode.swift; path = LoginViewController.swift; sourceTree = "<group>"; };
		465983A5270B293700898FDF /* SettingViewController.swift */ = {isa = PBXFileReference; lastKnownFileType = sourcecode.swift; path = SettingViewController.swift; sourceTree = "<group>"; };
		465983A7270B3B8D00898FDF /* PhotoViewController.swift */ = {isa = PBXFileReference; lastKnownFileType = sourcecode.swift; path = PhotoViewController.swift; sourceTree = "<group>"; };
		465983A9270B441C00898FDF /* kirihaRecord.swift */ = {isa = PBXFileReference; lastKnownFileType = sourcecode.swift; path = kirihaRecord.swift; sourceTree = "<group>"; };
		4661ACE427F6DA3C00F6AA95 /* RockTypeCautionViewController.swift */ = {isa = PBXFileReference; lastKnownFileType = sourcecode.swift; path = RockTypeCautionViewController.swift; sourceTree = "<group>"; };
		4661ACE627F7008800F6AA95 /* OtherRecordViewController.swift */ = {isa = PBXFileReference; lastKnownFileType = sourcecode.swift; path = OtherRecordViewController.swift; sourceTree = "<group>"; };
		4662742828F8B64D00D98D65 /* RockNameSetting2ViewController.swift */ = {isa = PBXFileReference; lastKnownFileType = sourcecode.swift; path = RockNameSetting2ViewController.swift; sourceTree = "<group>"; };
		4662742A28F8DD6400D98D65 /* RockNameEditViewController.swift */ = {isa = PBXFileReference; lastKnownFileType = sourcecode.swift; path = RockNameEditViewController.swift; sourceTree = "<group>"; };
		466308C92718F67600214303 /* TunnelData.swift */ = {isa = PBXFileReference; lastKnownFileType = sourcecode.swift; path = TunnelData.swift; sourceTree = "<group>"; };
		466308CB2718FAAB00214303 /* FirestorePathList.swift */ = {isa = PBXFileReference; lastKnownFileType = sourcecode.swift; path = FirestorePathList.swift; sourceTree = "<group>"; };
		466308CD27196AFF00214303 /* TunnelSettingViewController.swift */ = {isa = PBXFileReference; lastKnownFileType = sourcecode.swift; path = TunnelSettingViewController.swift; sourceTree = "<group>"; };
		466308CF271A159000214303 /* KirihaListViewController.swift */ = {isa = PBXFileReference; lastKnownFileType = sourcecode.swift; path = KirihaListViewController.swift; sourceTree = "<group>"; };
		466308D1271A5A3500214303 /* GlobalSettingViewController.swift */ = {isa = PBXFileReference; lastKnownFileType = sourcecode.swift; path = GlobalSettingViewController.swift; sourceTree = "<group>"; };
		466308D3271A5D6800214303 /* ItemNameChangeViewController.swift */ = {isa = PBXFileReference; lastKnownFileType = sourcecode.swift; path = ItemNameChangeViewController.swift; sourceTree = "<group>"; };
		466308D5271A5D7E00214303 /* ObsNameChangeViewController.swift */ = {isa = PBXFileReference; lastKnownFileType = sourcecode.swift; path = ObsNameChangeViewController.swift; sourceTree = "<group>"; };
		466308D7271A9FAD00214303 /* KirihaRecordData.swift */ = {isa = PBXFileReference; lastKnownFileType = sourcecode.swift; path = KirihaRecordData.swift; sourceTree = "<group>"; };
		466308DB271ABFD300214303 /* RockNameSettingViewController.swift */ = {isa = PBXFileReference; lastKnownFileType = sourcecode.swift; path = RockNameSettingViewController.swift; sourceTree = "<group>"; };
		466330AB271E1FB80087FE24 /* TunnelCreateViewController.swift */ = {isa = PBXFileReference; lastKnownFileType = sourcecode.swift; path = TunnelCreateViewController.swift; sourceTree = "<group>"; };
		466330AD271E416E0087FE24 /* TunnelDataDS.swift */ = {isa = PBXFileReference; lastKnownFileType = sourcecode.swift; path = TunnelDataDS.swift; sourceTree = "<group>"; };
		466C15F728CD085C0045FBDB /* rockTypeObjectDetector22.09.05.mlmodel */ = {isa = PBXFileReference; lastKnownFileType = file.mlmodel; path = rockTypeObjectDetector22.09.05.mlmodel; sourceTree = "<group>"; };
		466D150927FA4A3D000A1329 /* cautionJiyama.png */ = {isa = PBXFileReference; lastKnownFileType = image.png; path = cautionJiyama.png; sourceTree = "<group>"; };
		466F0715279992BD006367E9 /* TouchOnScrollView.swift */ = {isa = PBXFileReference; lastKnownFileType = sourcecode.swift; path = TouchOnScrollView.swift; sourceTree = "<group>"; };
		467CF115271FEBD600324527 /* AnalysisViewController.swift */ = {isa = PBXFileReference; lastKnownFileType = sourcecode.swift; path = AnalysisViewController.swift; sourceTree = "<group>"; };
		4680C61128F97E3C002BBB08 /* RockListTableViewCell.swift */ = {isa = PBXFileReference; lastKnownFileType = sourcecode.swift; path = RockListTableViewCell.swift; sourceTree = "<group>"; };
		4680C61228F97E3C002BBB08 /* RockListTableViewCell.xib */ = {isa = PBXFileReference; lastKnownFileType = file.xib; path = RockListTableViewCell.xib; sourceTree = "<group>"; };
		4680C61528F9848C002BBB08 /* RockListViewController.swift */ = {isa = PBXFileReference; lastKnownFileType = sourcecode.swift; path = RockListViewController.swift; sourceTree = "<group>"; };
		46838F8127FB1402009AFE9D /* rockTypeInstructions2.png */ = {isa = PBXFileReference; lastKnownFileType = image.png; path = rockTypeInstructions2.png; sourceTree = "<group>"; };
		46883F1D27FB8A8900541C0D /* cautionJiyama3.png */ = {isa = PBXFileReference; lastKnownFileType = image.png; path = cautionJiyama3.png; sourceTree = "<group>"; };
		46883F1F27FB8A9000541C0D /* rockTypeInstructions3.png */ = {isa = PBXFileReference; lastKnownFileType = image.png; path = rockTypeInstructions3.png; sourceTree = "<group>"; };
		46AB521B270DC09900D489DE /* KirihaRecordViewController.swift */ = {isa = PBXFileReference; lastKnownFileType = sourcecode.swift; path = KirihaRecordViewController.swift; sourceTree = "<group>"; };
		46AB521D270E85FC00D489DE /* RemarksTableViewCell.swift */ = {isa = PBXFileReference; lastKnownFileType = sourcecode.swift; path = RemarksTableViewCell.swift; sourceTree = "<group>"; };
		46AB521E270E85FC00D489DE /* RemarksTableViewCell.xib */ = {isa = PBXFileReference; lastKnownFileType = file.xib; path = RemarksTableViewCell.xib; sourceTree = "<group>"; };
		46AB5221270E8D1900D489DE /* RemarksData.swift */ = {isa = PBXFileReference; lastKnownFileType = sourcecode.swift; path = RemarksData.swift; sourceTree = "<group>"; };
		46AB5223270EC37B00D489DE /* RemarksViewController.swift */ = {isa = PBXFileReference; lastKnownFileType = sourcecode.swift; path = RemarksViewController.swift; sourceTree = "<group>"; };
		46B6EB2528F5300A00C2809C /* KirihaSpec1ViewController.swift */ = {isa = PBXFileReference; lastKnownFileType = sourcecode.swift; path = KirihaSpec1ViewController.swift; sourceTree = "<group>"; };
		46C0DE3C271B826F00E1E106 /* KirihaSpecViewController.swift */ = {isa = PBXFileReference; lastKnownFileType = sourcecode.swift; path = KirihaSpecViewController.swift; sourceTree = "<group>"; };
		46C0DE3E271BBA9800E1E106 /* DoneTextField.swift */ = {isa = PBXFileReference; lastKnownFileType = sourcecode.swift; path = DoneTextField.swift; sourceTree = "<group>"; };
		46C0DE40271BBCAA00E1E106 /* rockTypeInstructions.png */ = {isa = PBXFileReference; lastKnownFileType = image.png; path = rockTypeInstructions.png; sourceTree = "<group>"; };
		46C0DE42271BC04C00E1E106 /* RockTypeInstructionsViewController.swift */ = {isa = PBXFileReference; lastKnownFileType = sourcecode.swift; path = RockTypeInstructionsViewController.swift; sourceTree = "<group>"; };
		46C0DE44271C67A900E1E106 /* KirihaRecordChangeViewController.swift */ = {isa = PBXFileReference; lastKnownFileType = sourcecode.swift; path = KirihaRecordChangeViewController.swift; sourceTree = "<group>"; };
		46C0DE48271C97E400E1E106 /* KirihaRecordDataDS.swift */ = {isa = PBXFileReference; lastKnownFileType = sourcecode.swift; path = KirihaRecordDataDS.swift; sourceTree = "<group>"; };
		46C2803028DF5E0F0001C9C6 /* KirihaPostTableViewCell.swift */ = {isa = PBXFileReference; lastKnownFileType = sourcecode.swift; path = KirihaPostTableViewCell.swift; sourceTree = "<group>"; };
		46C2803128DF5E0F0001C9C6 /* KirihaPostTableViewCell.xib */ = {isa = PBXFileReference; lastKnownFileType = file.xib; path = KirihaPostTableViewCell.xib; sourceTree = "<group>"; };
		46C2803428DF6E610001C9C6 /* KirihaList2ViewController.swift */ = {isa = PBXFileReference; lastKnownFileType = sourcecode.swift; path = KirihaList2ViewController.swift; sourceTree = "<group>"; };
		46DDF3A1271F98E8008B4359 /* GeoAgeSettingViewController.swift */ = {isa = PBXFileReference; lastKnownFileType = sourcecode.swift; path = GeoAgeSettingViewController.swift; sourceTree = "<group>"; };
		46E3FD4A2794E0140045CA26 /* KirihaDataTabularClassifier_1123_33.mlmodel */ = {isa = PBXFileReference; lastKnownFileType = file.mlmodel; path = KirihaDataTabularClassifier_1123_33.mlmodel; sourceTree = "<group>"; };
		46EC69942726097800B081FC /* MyTabularClassifier_kiriha.mlmodel */ = {isa = PBXFileReference; lastKnownFileType = file.mlmodel; path = MyTabularClassifier_kiriha.mlmodel; sourceTree = "<group>"; };
		46EC69962726814C00B081FC /* Analysis2ViewController.swift */ = {isa = PBXFileReference; lastKnownFileType = sourcecode.swift; path = Analysis2ViewController.swift; sourceTree = "<group>"; };
		46EC699827268CAD00B081FC /* MyTabularClassifierKiriha.mlmodel */ = {isa = PBXFileReference; lastKnownFileType = file.mlmodel; path = MyTabularClassifierKiriha.mlmodel; sourceTree = "<group>"; };
		46EFB8DA270FCDEC0047BF61 /* GoogleService-Info.plist */ = {isa = PBXFileReference; fileEncoding = 4; lastKnownFileType = text.plist.xml; path = "GoogleService-Info.plist"; sourceTree = "<group>"; };
		46EFB8DC270FD0E70047BF61 /* TabBarController.swift */ = {isa = PBXFileReference; lastKnownFileType = sourcecode.swift; path = TabBarController.swift; sourceTree = "<group>"; };
		46EFB8DE271050E00047BF61 /* TunnelListViewController.swift */ = {isa = PBXFileReference; lastKnownFileType = sourcecode.swift; path = TunnelListViewController.swift; sourceTree = "<group>"; };
		46EFB8E22710DC260047BF61 /* ImageSelectViewController.swift */ = {isa = PBXFileReference; lastKnownFileType = sourcecode.swift; path = ImageSelectViewController.swift; sourceTree = "<group>"; };
		46EFB8E8271112640047BF61 /* PostRockViewController.swift */ = {isa = PBXFileReference; lastKnownFileType = sourcecode.swift; path = PostRockViewController.swift; sourceTree = "<group>"; };
		D271247BA9F3B1658E4D8663 /* Pods-TunnelManagementApp.debug.xcconfig */ = {isa = PBXFileReference; includeInIndex = 1; lastKnownFileType = text.xcconfig; name = "Pods-TunnelManagementApp.debug.xcconfig"; path = "Target Support Files/Pods-TunnelManagementApp/Pods-TunnelManagementApp.debug.xcconfig"; sourceTree = "<group>"; };
/* End PBXFileReference section */

/* Begin PBXFrameworksBuildPhase section */
		46598387270B26E700898FDF /* Frameworks */ = {
			isa = PBXFrameworksBuildPhase;
			buildActionMask = 2147483647;
			files = (
				27BFE8A13957A291446026A1 /* Pods_TunnelManagementApp.framework in Frameworks */,
			);
			runOnlyForDeploymentPostprocessing = 0;
		};
/* End PBXFrameworksBuildPhase section */

/* Begin PBXGroup section */
		46598381270B26E700898FDF = {
			isa = PBXGroup;
			children = (
				4659838C270B26E700898FDF /* TunnelManagementApp */,
				4659838B270B26E700898FDF /* Products */,
				4E2FCCB191409EB81A2695AA /* Pods */,
				94D32D02FB6B179A5E48DDDF /* Frameworks */,
			);
			sourceTree = "<group>";
		};
		4659838B270B26E700898FDF /* Products */ = {
			isa = PBXGroup;
			children = (
				4659838A270B26E700898FDF /* TunnelManagementApp.app */,
			);
			name = Products;
			sourceTree = "<group>";
		};
		4659838C270B26E700898FDF /* TunnelManagementApp */ = {
			isa = PBXGroup;
			children = (
				4656C46F27350E3C0088A83B /* tunnelImage.jpeg */,
				46E3FD4A2794E0140045CA26 /* KirihaDataTabularClassifier_1123_33.mlmodel */,
				466C15F728CD085C0045FBDB /* rockTypeObjectDetector22.09.05.mlmodel */,
				46064E372976071C00DB382F /* KirihaDataTabularClassifier_2301.mlmodel */,
				46064E3B2976077800DB382F /* KirihaDataTabularClassifier_2203.mlmodel */,
				46EC69942726097800B081FC /* MyTabularClassifier_kiriha.mlmodel */,
				46EC699827268CAD00B081FC /* MyTabularClassifierKiriha.mlmodel */,
				461FE21827A9E7F40085F7F6 /* rockTypeObjectDetector22.01.28.mlmodel */,
				46EFB8DA270FCDEC0047BF61 /* GoogleService-Info.plist */,
				4659839B270B26E800898FDF /* Info.plist */,
				466D150927FA4A3D000A1329 /* cautionJiyama.png */,
				46883F1D27FB8A8900541C0D /* cautionJiyama3.png */,
				46C0DE40271BBCAA00E1E106 /* rockTypeInstructions.png */,
				46838F8127FB1402009AFE9D /* rockTypeInstructions2.png */,
				46883F1F27FB8A9000541C0D /* rockTypeInstructions3.png */,
				46EC69962726814C00B081FC /* Analysis2ViewController.swift */,
				467CF115271FEBD600324527 /* AnalysisViewController.swift */,
				4659838D270B26E700898FDF /* AppDelegate.swift */,
				46C2803028DF5E0F0001C9C6 /* KirihaPostTableViewCell.swift */,
				46C2803128DF5E0F0001C9C6 /* KirihaPostTableViewCell.xib */,
				46C0DE3E271BBA9800E1E106 /* DoneTextField.swift */,
				466308CB2718FAAB00214303 /* FirestorePathList.swift */,
				46DDF3A1271F98E8008B4359 /* GeoAgeSettingViewController.swift */,
				466308D1271A5A3500214303 /* GlobalSettingViewController.swift */,
				46EFB8E22710DC260047BF61 /* ImageSelectViewController.swift */,
				466308D3271A5D6800214303 /* ItemNameChangeViewController.swift */,
				466308CF271A159000214303 /* KirihaListViewController.swift */,
				46C2803428DF6E610001C9C6 /* KirihaList2ViewController.swift */,
				465983A9270B441C00898FDF /* kirihaRecord.swift */,
				46C0DE44271C67A900E1E106 /* KirihaRecordChangeViewController.swift */,
				466308D7271A9FAD00214303 /* KirihaRecordData.swift */,
				46C0DE48271C97E400E1E106 /* KirihaRecordDataDS.swift */,
				4680C61528F9848C002BBB08 /* RockListViewController.swift */,
				46AB521B270DC09900D489DE /* KirihaRecordViewController.swift */,
				4637568A27334749008FFB28 /* KirihaSpec2ViewController.swift */,
				46B6EB2528F5300A00C2809C /* KirihaSpec1ViewController.swift */,
				4680C61128F97E3C002BBB08 /* RockListTableViewCell.swift */,
				4680C61228F97E3C002BBB08 /* RockListTableViewCell.xib */,
				46C0DE3C271B826F00E1E106 /* KirihaSpecViewController.swift */,
				4662742A28F8DD6400D98D65 /* RockNameEditViewController.swift */,
				465983A1270B28A900898FDF /* LoginViewController.swift */,
				466308D5271A5D7E00214303 /* ObsNameChangeViewController.swift */,
				4661ACE627F7008800F6AA95 /* OtherRecordViewController.swift */,
				465983A7270B3B8D00898FDF /* PhotoViewController.swift */,
				46EFB8E8271112640047BF61 /* PostRockViewController.swift */,
				461FE21A27A9E8D60085F7F6 /* RcokTypeVisionObjectRecognitionViewController.swift */,
				46AB5221270E8D1900D489DE /* RemarksData.swift */,
				46AB521D270E85FC00D489DE /* RemarksTableViewCell.swift */,
				46AB5223270EC37B00D489DE /* RemarksViewController.swift */,
				466308DB271ABFD300214303 /* RockNameSettingViewController.swift */,
				4662742828F8B64D00D98D65 /* RockNameSetting2ViewController.swift */,
				4661ACE427F6DA3C00F6AA95 /* RockTypeCautionViewController.swift */,
				46C0DE42271BC04C00E1E106 /* RockTypeInstructionsViewController.swift */,
				461FE21C27A9E8DF0085F7F6 /* RockTypeViewController.swift */,
				4659838F270B26E700898FDF /* SceneDelegate.swift */,
				465983A5270B293700898FDF /* SettingViewController.swift */,
				46EFB8DC270FD0E70047BF61 /* TabBarController.swift */,
				466F0715279992BD006367E9 /* TouchOnScrollView.swift */,
				4637568E2733C29A008FFB28 /* TunnelCreate2ViewController.swift */,
				466330AB271E1FB80087FE24 /* TunnelCreateViewController.swift */,
				466308C92718F67600214303 /* TunnelData.swift */,
				466330AD271E416E0087FE24 /* TunnelDataDS.swift */,
				46EFB8DE271050E00047BF61 /* TunnelListViewController.swift */,
				466308CD27196AFF00214303 /* TunnelSettingViewController.swift */,
				46598391270B26E700898FDF /* ViewController.swift */,
				4637568C273358A7008FFB28 /* WaterRecordViewController.swift */,
				46598396270B26E800898FDF /* Assets.xcassets */,
				46AB521E270E85FC00D489DE /* RemarksTableViewCell.xib */,
				46598398270B26E800898FDF /* LaunchScreen.storyboard */,
				46598393270B26E700898FDF /* Main.storyboard */,
			);
			path = TunnelManagementApp;
			sourceTree = "<group>";
		};
		4E2FCCB191409EB81A2695AA /* Pods */ = {
			isa = PBXGroup;
			children = (
				D271247BA9F3B1658E4D8663 /* Pods-TunnelManagementApp.debug.xcconfig */,
				0F118CDFCFED6439D2791225 /* Pods-TunnelManagementApp.release.xcconfig */,
			);
			path = Pods;
			sourceTree = "<group>";
		};
		94D32D02FB6B179A5E48DDDF /* Frameworks */ = {
			isa = PBXGroup;
			children = (
				0F0F821B140E042D6DDA2BC3 /* Pods_TunnelManagementApp.framework */,
			);
			name = Frameworks;
			sourceTree = "<group>";
		};
/* End PBXGroup section */

/* Begin PBXNativeTarget section */
		46598389270B26E700898FDF /* TunnelManagementApp */ = {
			isa = PBXNativeTarget;
			buildConfigurationList = 4659839E270B26E800898FDF /* Build configuration list for PBXNativeTarget "TunnelManagementApp" */;
			buildPhases = (
				B61EF234D5CD4BD0002392DB /* [CP] Check Pods Manifest.lock */,
				46598386270B26E700898FDF /* Sources */,
				46598387270B26E700898FDF /* Frameworks */,
				46598388270B26E700898FDF /* Resources */,
				F26993A1F54F269468CB565A /* [CP] Embed Pods Frameworks */,
			);
			buildRules = (
			);
			dependencies = (
			);
			name = TunnelManagementApp;
			productName = TunnelManagementApp;
			productReference = 4659838A270B26E700898FDF /* TunnelManagementApp.app */;
			productType = "com.apple.product-type.application";
		};
/* End PBXNativeTarget section */

/* Begin PBXProject section */
		46598382270B26E700898FDF /* Project object */ = {
			isa = PBXProject;
			attributes = {
				LastSwiftUpdateCheck = 1250;
				LastUpgradeCheck = 1250;
				TargetAttributes = {
					46598389270B26E700898FDF = {
						CreatedOnToolsVersion = 12.5.1;
					};
				};
			};
			buildConfigurationList = 46598385270B26E700898FDF /* Build configuration list for PBXProject "TunnelManagementApp" */;
			compatibilityVersion = "Xcode 9.3";
			developmentRegion = en;
			hasScannedForEncodings = 0;
			knownRegions = (
				en,
				Base,
			);
			mainGroup = 46598381270B26E700898FDF;
			productRefGroup = 4659838B270B26E700898FDF /* Products */;
			projectDirPath = "";
			projectRoot = "";
			targets = (
				46598389270B26E700898FDF /* TunnelManagementApp */,
			);
		};
/* End PBXProject section */

/* Begin PBXResourcesBuildPhase section */
		46598388270B26E700898FDF /* Resources */ = {
			isa = PBXResourcesBuildPhase;
			buildActionMask = 2147483647;
			files = (
				4659839A270B26E800898FDF /* LaunchScreen.storyboard in Resources */,
				46838F8227FB1402009AFE9D /* rockTypeInstructions2.png in Resources */,
				4680C61428F97E3C002BBB08 /* RockListTableViewCell.xib in Resources */,
				46883F1E27FB8A8900541C0D /* cautionJiyama3.png in Resources */,
				46C0DE41271BBCAB00E1E106 /* rockTypeInstructions.png in Resources */,
				466D150A27FA4A3D000A1329 /* cautionJiyama.png in Resources */,
				46C2803328DF5E0F0001C9C6 /* KirihaPostTableViewCell.xib in Resources */,
				4656C47027350E3D0088A83B /* tunnelImage.jpeg in Resources */,
				46883F2027FB8A9000541C0D /* rockTypeInstructions3.png in Resources */,
				46AB5220270E85FC00D489DE /* RemarksTableViewCell.xib in Resources */,
				46EFB8DB270FCDEC0047BF61 /* GoogleService-Info.plist in Resources */,
				46598397270B26E800898FDF /* Assets.xcassets in Resources */,
				46598395270B26E700898FDF /* Main.storyboard in Resources */,
			);
			runOnlyForDeploymentPostprocessing = 0;
		};
/* End PBXResourcesBuildPhase section */

/* Begin PBXShellScriptBuildPhase section */
		B61EF234D5CD4BD0002392DB /* [CP] Check Pods Manifest.lock */ = {
			isa = PBXShellScriptBuildPhase;
			buildActionMask = 2147483647;
			files = (
			);
			inputFileListPaths = (
			);
			inputPaths = (
				"${PODS_PODFILE_DIR_PATH}/Podfile.lock",
				"${PODS_ROOT}/Manifest.lock",
			);
			name = "[CP] Check Pods Manifest.lock";
			outputFileListPaths = (
			);
			outputPaths = (
				"$(DERIVED_FILE_DIR)/Pods-TunnelManagementApp-checkManifestLockResult.txt",
			);
			runOnlyForDeploymentPostprocessing = 0;
			shellPath = /bin/sh;
			shellScript = "diff \"${PODS_PODFILE_DIR_PATH}/Podfile.lock\" \"${PODS_ROOT}/Manifest.lock\" > /dev/null\nif [ $? != 0 ] ; then\n    # print error to STDERR\n    echo \"error: The sandbox is not in sync with the Podfile.lock. Run 'pod install' or update your CocoaPods installation.\" >&2\n    exit 1\nfi\n# This output is used by Xcode 'outputs' to avoid re-running this script phase.\necho \"SUCCESS\" > \"${SCRIPT_OUTPUT_FILE_0}\"\n";
			showEnvVarsInLog = 0;
		};
		F26993A1F54F269468CB565A /* [CP] Embed Pods Frameworks */ = {
			isa = PBXShellScriptBuildPhase;
			buildActionMask = 2147483647;
			files = (
			);
			inputFileListPaths = (
				"${PODS_ROOT}/Target Support Files/Pods-TunnelManagementApp/Pods-TunnelManagementApp-frameworks-${CONFIGURATION}-input-files.xcfilelist",
			);
			name = "[CP] Embed Pods Frameworks";
			outputFileListPaths = (
				"${PODS_ROOT}/Target Support Files/Pods-TunnelManagementApp/Pods-TunnelManagementApp-frameworks-${CONFIGURATION}-output-files.xcfilelist",
			);
			runOnlyForDeploymentPostprocessing = 0;
			shellPath = /bin/sh;
			shellScript = "\"${PODS_ROOT}/Target Support Files/Pods-TunnelManagementApp/Pods-TunnelManagementApp-frameworks.sh\"\n";
			showEnvVarsInLog = 0;
		};
/* End PBXShellScriptBuildPhase section */

/* Begin PBXSourcesBuildPhase section */
		46598386270B26E700898FDF /* Sources */ = {
			isa = PBXSourcesBuildPhase;
			buildActionMask = 2147483647;
			files = (
				466308DC271ABFD300214303 /* RockNameSettingViewController.swift in Sources */,
				461FE21927A9E7F40085F7F6 /* rockTypeObjectDetector22.01.28.mlmodel in Sources */,
				466330AC271E1FB80087FE24 /* TunnelCreateViewController.swift in Sources */,
				465983A2270B28A900898FDF /* LoginViewController.swift in Sources */,
				4661ACE727F7008800F6AA95 /* OtherRecordViewController.swift in Sources */,
				466308CA2718F67600214303 /* TunnelData.swift in Sources */,
				466308D0271A159000214303 /* KirihaListViewController.swift in Sources */,
				466330AE271E416E0087FE24 /* TunnelDataDS.swift in Sources */,
				46064E3C2976077800DB382F /* KirihaDataTabularClassifier_2203.mlmodel in Sources */,
				46EFB8E9271112640047BF61 /* PostRockViewController.swift in Sources */,
				466308D2271A5A3500214303 /* GlobalSettingViewController.swift in Sources */,
				46EFB8DD270FD0E70047BF61 /* TabBarController.swift in Sources */,
				46C0DE49271C97E400E1E106 /* KirihaRecordDataDS.swift in Sources */,
				466308D4271A5D6800214303 /* ItemNameChangeViewController.swift in Sources */,
				467CF116271FEBD600324527 /* AnalysisViewController.swift in Sources */,
				466C15F828CD085D0045FBDB /* rockTypeObjectDetector22.09.05.mlmodel in Sources */,
				46598392270B26E700898FDF /* ViewController.swift in Sources */,
				46EC699927268CAD00B081FC /* MyTabularClassifierKiriha.mlmodel in Sources */,
				466308D8271A9FAD00214303 /* KirihaRecordData.swift in Sources */,
				46C2803228DF5E0F0001C9C6 /* KirihaPostTableViewCell.swift in Sources */,
				46C2803528DF6E610001C9C6 /* KirihaList2ViewController.swift in Sources */,
				46C0DE3D271B826F00E1E106 /* KirihaSpecViewController.swift in Sources */,
				46E3FD4B2794E0140045CA26 /* KirihaDataTabularClassifier_1123_33.mlmodel in Sources */,
				4637568B27334749008FFB28 /* KirihaSpec2ViewController.swift in Sources */,
				466308CC2718FAAB00214303 /* FirestorePathList.swift in Sources */,
				46EFB8E32710DC260047BF61 /* ImageSelectViewController.swift in Sources */,
				46AB521F270E85FC00D489DE /* RemarksTableViewCell.swift in Sources */,
				4659838E270B26E700898FDF /* AppDelegate.swift in Sources */,
				46AB5224270EC37B00D489DE /* RemarksViewController.swift in Sources */,
				465983AA270B441C00898FDF /* kirihaRecord.swift in Sources */,
				466F0716279992BE006367E9 /* TouchOnScrollView.swift in Sources */,
				46C0DE43271BC04C00E1E106 /* RockTypeInstructionsViewController.swift in Sources */,
				4662742B28F8DD6400D98D65 /* RockNameEditViewController.swift in Sources */,
				466308CE27196AFF00214303 /* TunnelSettingViewController.swift in Sources */,
				46EFB8DF271050E00047BF61 /* TunnelListViewController.swift in Sources */,
				4680C61328F97E3C002BBB08 /* RockListTableViewCell.swift in Sources */,
				4661ACE527F6DA3C00F6AA95 /* RockTypeCautionViewController.swift in Sources */,
				46AB521C270DC09900D489DE /* KirihaRecordViewController.swift in Sources */,
				465983A8270B3B8D00898FDF /* PhotoViewController.swift in Sources */,
				46B6EB2628F5300A00C2809C /* KirihaSpec1ViewController.swift in Sources */,
				46DDF3A2271F98E8008B4359 /* GeoAgeSettingViewController.swift in Sources */,
				4680C61628F9848C002BBB08 /* RockListViewController.swift in Sources */,
				4637568F2733C29A008FFB28 /* TunnelCreate2ViewController.swift in Sources */,
				461FE21B27A9E8D60085F7F6 /* RcokTypeVisionObjectRecognitionViewController.swift in Sources */,
				466308D6271A5D7E00214303 /* ObsNameChangeViewController.swift in Sources */,
				46598390270B26E700898FDF /* SceneDelegate.swift in Sources */,
				4662742928F8B64D00D98D65 /* RockNameSetting2ViewController.swift in Sources */,
				465983A6270B293700898FDF /* SettingViewController.swift in Sources */,
				46EC69972726814C00B081FC /* Analysis2ViewController.swift in Sources */,
				46064E382976071D00DB382F /* KirihaDataTabularClassifier_2301.mlmodel in Sources */,
				46AB5222270E8D1900D489DE /* RemarksData.swift in Sources */,
				46C0DE3F271BBA9800E1E106 /* DoneTextField.swift in Sources */,
				4637568D273358A7008FFB28 /* WaterRecordViewController.swift in Sources */,
				46C0DE45271C67A900E1E106 /* KirihaRecordChangeViewController.swift in Sources */,
				46EC69952726097800B081FC /* MyTabularClassifier_kiriha.mlmodel in Sources */,
				461FE21D27A9E8DF0085F7F6 /* RockTypeViewController.swift in Sources */,
			);
			runOnlyForDeploymentPostprocessing = 0;
		};
/* End PBXSourcesBuildPhase section */

/* Begin PBXVariantGroup section */
		46598393270B26E700898FDF /* Main.storyboard */ = {
			isa = PBXVariantGroup;
			children = (
				46598394270B26E700898FDF /* Base */,
			);
			name = Main.storyboard;
			sourceTree = "<group>";
		};
		46598398270B26E800898FDF /* LaunchScreen.storyboard */ = {
			isa = PBXVariantGroup;
			children = (
				46598399270B26E800898FDF /* Base */,
			);
			name = LaunchScreen.storyboard;
			sourceTree = "<group>";
		};
/* End PBXVariantGroup section */

/* Begin XCBuildConfiguration section */
		4659839C270B26E800898FDF /* Debug */ = {
			isa = XCBuildConfiguration;
			buildSettings = {
				ALWAYS_SEARCH_USER_PATHS = NO;
				CLANG_ANALYZER_NONNULL = YES;
				CLANG_ANALYZER_NUMBER_OBJECT_CONVERSION = YES_AGGRESSIVE;
				CLANG_CXX_LANGUAGE_STANDARD = "gnu++14";
				CLANG_CXX_LIBRARY = "libc++";
				CLANG_ENABLE_MODULES = YES;
				CLANG_ENABLE_OBJC_ARC = YES;
				CLANG_ENABLE_OBJC_WEAK = YES;
				CLANG_WARN_BLOCK_CAPTURE_AUTORELEASING = YES;
				CLANG_WARN_BOOL_CONVERSION = YES;
				CLANG_WARN_COMMA = YES;
				CLANG_WARN_CONSTANT_CONVERSION = YES;
				CLANG_WARN_DEPRECATED_OBJC_IMPLEMENTATIONS = YES;
				CLANG_WARN_DIRECT_OBJC_ISA_USAGE = YES_ERROR;
				CLANG_WARN_DOCUMENTATION_COMMENTS = YES;
				CLANG_WARN_EMPTY_BODY = YES;
				CLANG_WARN_ENUM_CONVERSION = YES;
				CLANG_WARN_INFINITE_RECURSION = YES;
				CLANG_WARN_INT_CONVERSION = YES;
				CLANG_WARN_NON_LITERAL_NULL_CONVERSION = YES;
				CLANG_WARN_OBJC_IMPLICIT_RETAIN_SELF = YES;
				CLANG_WARN_OBJC_LITERAL_CONVERSION = YES;
				CLANG_WARN_OBJC_ROOT_CLASS = YES_ERROR;
				CLANG_WARN_QUOTED_INCLUDE_IN_FRAMEWORK_HEADER = YES;
				CLANG_WARN_RANGE_LOOP_ANALYSIS = YES;
				CLANG_WARN_STRICT_PROTOTYPES = YES;
				CLANG_WARN_SUSPICIOUS_MOVE = YES;
				CLANG_WARN_UNGUARDED_AVAILABILITY = YES_AGGRESSIVE;
				CLANG_WARN_UNREACHABLE_CODE = YES;
				CLANG_WARN__DUPLICATE_METHOD_MATCH = YES;
				COPY_PHASE_STRIP = NO;
				DEBUG_INFORMATION_FORMAT = dwarf;
				ENABLE_STRICT_OBJC_MSGSEND = YES;
				ENABLE_TESTABILITY = YES;
				GCC_C_LANGUAGE_STANDARD = gnu11;
				GCC_DYNAMIC_NO_PIC = NO;
				GCC_NO_COMMON_BLOCKS = YES;
				GCC_OPTIMIZATION_LEVEL = 0;
				GCC_PREPROCESSOR_DEFINITIONS = (
					"DEBUG=1",
					"$(inherited)",
				);
				GCC_WARN_64_TO_32_BIT_CONVERSION = YES;
				GCC_WARN_ABOUT_RETURN_TYPE = YES_ERROR;
				GCC_WARN_UNDECLARED_SELECTOR = YES;
				GCC_WARN_UNINITIALIZED_AUTOS = YES_AGGRESSIVE;
				GCC_WARN_UNUSED_FUNCTION = YES;
				GCC_WARN_UNUSED_VARIABLE = YES;
				IPHONEOS_DEPLOYMENT_TARGET = 14.5;
				MTL_ENABLE_DEBUG_INFO = INCLUDE_SOURCE;
				MTL_FAST_MATH = YES;
				ONLY_ACTIVE_ARCH = YES;
				SDKROOT = iphoneos;
				SWIFT_ACTIVE_COMPILATION_CONDITIONS = DEBUG;
				SWIFT_OPTIMIZATION_LEVEL = "-Onone";
			};
			name = Debug;
		};
		4659839D270B26E800898FDF /* Release */ = {
			isa = XCBuildConfiguration;
			buildSettings = {
				ALWAYS_SEARCH_USER_PATHS = NO;
				CLANG_ANALYZER_NONNULL = YES;
				CLANG_ANALYZER_NUMBER_OBJECT_CONVERSION = YES_AGGRESSIVE;
				CLANG_CXX_LANGUAGE_STANDARD = "gnu++14";
				CLANG_CXX_LIBRARY = "libc++";
				CLANG_ENABLE_MODULES = YES;
				CLANG_ENABLE_OBJC_ARC = YES;
				CLANG_ENABLE_OBJC_WEAK = YES;
				CLANG_WARN_BLOCK_CAPTURE_AUTORELEASING = YES;
				CLANG_WARN_BOOL_CONVERSION = YES;
				CLANG_WARN_COMMA = YES;
				CLANG_WARN_CONSTANT_CONVERSION = YES;
				CLANG_WARN_DEPRECATED_OBJC_IMPLEMENTATIONS = YES;
				CLANG_WARN_DIRECT_OBJC_ISA_USAGE = YES_ERROR;
				CLANG_WARN_DOCUMENTATION_COMMENTS = YES;
				CLANG_WARN_EMPTY_BODY = YES;
				CLANG_WARN_ENUM_CONVERSION = YES;
				CLANG_WARN_INFINITE_RECURSION = YES;
				CLANG_WARN_INT_CONVERSION = YES;
				CLANG_WARN_NON_LITERAL_NULL_CONVERSION = YES;
				CLANG_WARN_OBJC_IMPLICIT_RETAIN_SELF = YES;
				CLANG_WARN_OBJC_LITERAL_CONVERSION = YES;
				CLANG_WARN_OBJC_ROOT_CLASS = YES_ERROR;
				CLANG_WARN_QUOTED_INCLUDE_IN_FRAMEWORK_HEADER = YES;
				CLANG_WARN_RANGE_LOOP_ANALYSIS = YES;
				CLANG_WARN_STRICT_PROTOTYPES = YES;
				CLANG_WARN_SUSPICIOUS_MOVE = YES;
				CLANG_WARN_UNGUARDED_AVAILABILITY = YES_AGGRESSIVE;
				CLANG_WARN_UNREACHABLE_CODE = YES;
				CLANG_WARN__DUPLICATE_METHOD_MATCH = YES;
				COPY_PHASE_STRIP = NO;
				DEBUG_INFORMATION_FORMAT = "dwarf-with-dsym";
				ENABLE_NS_ASSERTIONS = NO;
				ENABLE_STRICT_OBJC_MSGSEND = YES;
				GCC_C_LANGUAGE_STANDARD = gnu11;
				GCC_NO_COMMON_BLOCKS = YES;
				GCC_WARN_64_TO_32_BIT_CONVERSION = YES;
				GCC_WARN_ABOUT_RETURN_TYPE = YES_ERROR;
				GCC_WARN_UNDECLARED_SELECTOR = YES;
				GCC_WARN_UNINITIALIZED_AUTOS = YES_AGGRESSIVE;
				GCC_WARN_UNUSED_FUNCTION = YES;
				GCC_WARN_UNUSED_VARIABLE = YES;
				IPHONEOS_DEPLOYMENT_TARGET = 14.5;
				MTL_ENABLE_DEBUG_INFO = NO;
				MTL_FAST_MATH = YES;
				SDKROOT = iphoneos;
				SWIFT_COMPILATION_MODE = wholemodule;
				SWIFT_OPTIMIZATION_LEVEL = "-O";
				VALIDATE_PRODUCT = YES;
			};
			name = Release;
		};
		4659839F270B26E800898FDF /* Debug */ = {
			isa = XCBuildConfiguration;
			baseConfigurationReference = D271247BA9F3B1658E4D8663 /* Pods-TunnelManagementApp.debug.xcconfig */;
			buildSettings = {
				ASSETCATALOG_COMPILER_APPICON_NAME = AppIcon;
				ASSETCATALOG_COMPILER_GLOBAL_ACCENT_COLOR_NAME = AccentColor;
				CODE_SIGN_STYLE = Automatic;
				CURRENT_PROJECT_VERSION = 2;
				DEVELOPMENT_TEAM = LF8SJYTSUY;
				INFOPLIST_FILE = TunnelManagementApp/Info.plist;
				IPHONEOS_DEPLOYMENT_TARGET = 14.5;
				LD_RUNPATH_SEARCH_PATHS = (
					"$(inherited)",
					"@executable_path/Frameworks",
				);
				MARKETING_VERSION = 3.5;
				PRODUCT_BUNDLE_IDENTIFIER = jp.noriaki.kishida.TunnelManagementApp;
				PRODUCT_NAME = "$(TARGET_NAME)";
				SWIFT_VERSION = 5.0;
				TARGETED_DEVICE_FAMILY = 1;
			};
			name = Debug;
		};
		465983A0270B26E800898FDF /* Release */ = {
			isa = XCBuildConfiguration;
			baseConfigurationReference = 0F118CDFCFED6439D2791225 /* Pods-TunnelManagementApp.release.xcconfig */;
			buildSettings = {
				ASSETCATALOG_COMPILER_APPICON_NAME = AppIcon;
				ASSETCATALOG_COMPILER_GLOBAL_ACCENT_COLOR_NAME = AccentColor;
				CODE_SIGN_STYLE = Automatic;
				CURRENT_PROJECT_VERSION = 2;
				DEVELOPMENT_TEAM = LF8SJYTSUY;
				INFOPLIST_FILE = TunnelManagementApp/Info.plist;
				IPHONEOS_DEPLOYMENT_TARGET = 14.5;
				LD_RUNPATH_SEARCH_PATHS = (
					"$(inherited)",
					"@executable_path/Frameworks",
				);
				MARKETING_VERSION = 3.5;
				PRODUCT_BUNDLE_IDENTIFIER = jp.noriaki.kishida.TunnelManagementApp;
				PRODUCT_NAME = "$(TARGET_NAME)";
				SWIFT_VERSION = 5.0;
				TARGETED_DEVICE_FAMILY = 1;
			};
			name = Release;
		};
/* End XCBuildConfiguration section */

/* Begin XCConfigurationList section */
		46598385270B26E700898FDF /* Build configuration list for PBXProject "TunnelManagementApp" */ = {
			isa = XCConfigurationList;
			buildConfigurations = (
				4659839C270B26E800898FDF /* Debug */,
				4659839D270B26E800898FDF /* Release */,
			);
			defaultConfigurationIsVisible = 0;
			defaultConfigurationName = Release;
		};
		4659839E270B26E800898FDF /* Build configuration list for PBXNativeTarget "TunnelManagementApp" */ = {
			isa = XCConfigurationList;
			buildConfigurations = (
				4659839F270B26E800898FDF /* Debug */,
				465983A0270B26E800898FDF /* Release */,
			);
			defaultConfigurationIsVisible = 0;
			defaultConfigurationName = Release;
		};
/* End XCConfigurationList section */
	};
	rootObject = 46598382270B26E700898FDF /* Project object */;
}
